
Microsoft Visual Studio Solution File, Format Version 12.00
# Visual Studio Version 16
VisualStudioVersion = 16.0.30011.22
MinimumVisualStudioVersion = 10.0.40219.1
Project("{E24C65DC-7377-472B-9ABA-BC803B73C61A}") = "WCFParcialADS", "WCFParcialADS\", "{1712E942-C9E7-48AA-A0AC-74E437659A7E}"
	ProjectSection(WebsiteProperties) = preProject
		TargetFrameworkMoniker = ".NETFramework,Version%3Dv4.7.2"
		Debug.AspNetCompiler.VirtualPath = "/localhost_59781"
		Debug.AspNetCompiler.PhysicalPath = "WCFParcialADS\"
		Debug.AspNetCompiler.TargetPath = "PrecompiledWeb\localhost_59781\"
		Debug.AspNetCompiler.Updateable = "true"
		Debug.AspNetCompiler.ForceOverwrite = "true"
		Debug.AspNetCompiler.FixedNames = "false"
		Debug.AspNetCompiler.Debug = "True"
		Release.AspNetCompiler.VirtualPath = "/localhost_59781"
		Release.AspNetCompiler.PhysicalPath = "WCFParcialADS\"
		Release.AspNetCompiler.TargetPath = "PrecompiledWeb\localhost_59781\"
		Release.AspNetCompiler.Updateable = "true"
		Release.AspNetCompiler.ForceOverwrite = "true"
		Release.AspNetCompiler.FixedNames = "false"
		Release.AspNetCompiler.Debug = "False"
		VWDPort = "59781"
		SlnRelativePath = "WCFParcialADS\"
		DefaultWebSiteLanguage = "Visual C#"
	EndProjectSection
EndProject
Global
	GlobalSection(SolutionConfigurationPlatforms) = preSolution
		Debug|Any CPU = Debug|Any CPU
	EndGlobalSection
	GlobalSection(ProjectConfigurationPlatforms) = postSolution
		{1712E942-C9E7-48AA-A0AC-74E437659A7E}.Debug|Any CPU.ActiveCfg = Debug|Any CPU
		{1712E942-C9E7-48AA-A0AC-74E437659A7E}.Debug|Any CPU.Build.0 = Debug|Any CPU
	EndGlobalSection
	GlobalSection(SolutionProperties) = preSolution
		HideSolutionNode = FALSE
	EndGlobalSection
	GlobalSection(ExtensibilityGlobals) = postSolution
		SolutionGuid = {D76516C2-9991-402D-A659-B8DC11B6D535}
	EndGlobalSection
EndGlobal
